// !$*UTF8*$!
{
	archiveVersion = 1;
	classes = {
	};
	objectVersion = 46;
	objects = {

/* Begin PBXBuildFile section */
		E08F17CF1EF1623C00590B00 /* main.m in Sources */ = {isa = PBXBuildFile; fileRef = E08F17CE1EF1623C00590B00 /* main.m */; };
		E08F17D21EF1623C00590B00 /* AppDelegate.m in Sources */ = {isa = PBXBuildFile; fileRef = E08F17D11EF1623C00590B00 /* AppDelegate.m */; };
		E08F17D51EF1623C00590B00 /* ViewController.m in Sources */ = {isa = PBXBuildFile; fileRef = E08F17D41EF1623C00590B00 /* ViewController.m */; };
		E08F17D81EF1623C00590B00 /* Main.storyboard in Resources */ = {isa = PBXBuildFile; fileRef = E08F17D61EF1623C00590B00 /* Main.storyboard */; };
		E08F17DA1EF1623C00590B00 /* Assets.xcassets in Resources */ = {isa = PBXBuildFile; fileRef = E08F17D91EF1623C00590B00 /* Assets.xcassets */; };
		E08F17DD1EF1623C00590B00 /* LaunchScreen.storyboard in Resources */ = {isa = PBXBuildFile; fileRef = E08F17DB1EF1623C00590B00 /* LaunchScreen.storyboard */; };
		E08F17E81EF1623C00590B00 /* Hamster_GameTests.m in Sources */ = {isa = PBXBuildFile; fileRef = E08F17E71EF1623C00590B00 /* Hamster_GameTests.m */; };
		E08F17F31EF1623C00590B00 /* Hamster_GameUITests.m in Sources */ = {isa = PBXBuildFile; fileRef = E08F17F21EF1623C00590B00 /* Hamster_GameUITests.m */; };
		E08F18031EF16E9E00590B00 /* splash.jpg in Resources */ = {isa = PBXBuildFile; fileRef = E08F18021EF16E9E00590B00 /* splash.jpg */; };
/* End PBXBuildFile section */

/* Begin PBXContainerItemProxy section */
		E08F17E41EF1623C00590B00 /* PBXContainerItemProxy */ = {
			isa = PBXContainerItemProxy;
			containerPortal = E08F17C21EF1623C00590B00 /* Project object */;
			proxyType = 1;
			remoteGlobalIDString = E08F17C91EF1623C00590B00;
			remoteInfo = "Hamster Game";
		};
		E08F17EF1EF1623C00590B00 /* PBXContainerItemProxy */ = {
			isa = PBXContainerItemProxy;
			containerPortal = E08F17C21EF1623C00590B00 /* Project object */;
			proxyType = 1;
			remoteGlobalIDString = E08F17C91EF1623C00590B00;
			remoteInfo = "Hamster Game";
		};
/* End PBXContainerItemProxy section */

/* Begin PBXFileReference section */
		E08F17CA1EF1623C00590B00 /* Hamster Game.app */ = {isa = PBXFileReference; explicitFileType = wrapper.application; includeInIndex = 0; path = "Hamster Game.app"; sourceTree = BUILT_PRODUCTS_DIR; };
		E08F17CE1EF1623C00590B00 /* main.m */ = {isa = PBXFileReference; lastKnownFileType = sourcecode.c.objc; path = main.m; sourceTree = "<group>"; };
		E08F17D01EF1623C00590B00 /* AppDelegate.h */ = {isa = PBXFileReference; lastKnownFileType = sourcecode.c.h; path = AppDelegate.h; sourceTree = "<group>"; };
		E08F17D11EF1623C00590B00 /* AppDelegate.m */ = {isa = PBXFileReference; lastKnownFileType = sourcecode.c.objc; path = AppDelegate.m; sourceTree = "<group>"; };
		E08F17D31EF1623C00590B00 /* ViewController.h */ = {isa = PBXFileReference; lastKnownFileType = sourcecode.c.h; path = ViewController.h; sourceTree = "<group>"; };
		E08F17D41EF1623C00590B00 /* ViewController.m */ = {isa = PBXFileReference; lastKnownFileType = sourcecode.c.objc; path = ViewController.m; sourceTree = "<group>"; };
		E08F17D71EF1623C00590B00 /* Base */ = {isa = PBXFileReference; lastKnownFileType = file.storyboard; name = Base; path = Base.lproj/Main.storyboard; sourceTree = "<group>"; };
		E08F17D91EF1623C00590B00 /* Assets.xcassets */ = {isa = PBXFileReference; lastKnownFileType = folder.assetcatalog; path = Assets.xcassets; sourceTree = "<group>"; };
		E08F17DC1EF1623C00590B00 /* Base */ = {isa = PBXFileReference; lastKnownFileType = file.storyboard; name = Base; path = Base.lproj/LaunchScreen.storyboard; sourceTree = "<group>"; };
		E08F17DE1EF1623C00590B00 /* Info.plist */ = {isa = PBXFileReference; lastKnownFileType = text.plist.xml; path = Info.plist; sourceTree = "<group>"; };
		E08F17E31EF1623C00590B00 /* Hamster GameTests.xctest */ = {isa = PBXFileReference; explicitFileType = wrapper.cfbundle; includeInIndex = 0; path = "Hamster GameTests.xctest"; sourceTree = BUILT_PRODUCTS_DIR; };
		E08F17E71EF1623C00590B00 /* Hamster_GameTests.m */ = {isa = PBXFileReference; lastKnownFileType = sourcecode.c.objc; path = Hamster_GameTests.m; sourceTree = "<group>"; };
		E08F17E91EF1623C00590B00 /* Info.plist */ = {isa = PBXFileReference; lastKnownFileType = text.plist.xml; path = Info.plist; sourceTree = "<group>"; };
		E08F17EE1EF1623C00590B00 /* Hamster GameUITests.xctest */ = {isa = PBXFileReference; explicitFileType = wrapper.cfbundle; includeInIndex = 0; path = "Hamster GameUITests.xctest"; sourceTree = BUILT_PRODUCTS_DIR; };
		E08F17F21EF1623C00590B00 /* Hamster_GameUITests.m */ = {isa = PBXFileReference; lastKnownFileType = sourcecode.c.objc; path = Hamster_GameUITests.m; sourceTree = "<group>"; };
		E08F17F41EF1623C00590B00 /* Info.plist */ = {isa = PBXFileReference; lastKnownFileType = text.plist.xml; path = Info.plist; sourceTree = "<group>"; };
		E08F18021EF16E9E00590B00 /* splash.jpg */ = {isa = PBXFileReference; lastKnownFileType = image.jpeg; path = splash.jpg; sourceTree = "<group>"; };
/* End PBXFileReference section */

/* Begin PBXFrameworksBuildPhase section */
		E08F17C71EF1623C00590B00 /* Frameworks */ = {
			isa = PBXFrameworksBuildPhase;
			buildActionMask = 2147483647;
			files = (
			);
			runOnlyForDeploymentPostprocessing = 0;
		};
		E08F17E01EF1623C00590B00 /* Frameworks */ = {
			isa = PBXFrameworksBuildPhase;
			buildActionMask = 2147483647;
			files = (
			);
			runOnlyForDeploymentPostprocessing = 0;
		};
		E08F17EB1EF1623C00590B00 /* Frameworks */ = {
			isa = PBXFrameworksBuildPhase;
			buildActionMask = 2147483647;
			files = (
			);
			runOnlyForDeploymentPostprocessing = 0;
		};
/* End PBXFrameworksBuildPhase section */

/* Begin PBXGroup section */
		E08F17C11EF1623C00590B00 = {
			isa = PBXGroup;
			children = (
				E08F17CC1EF1623C00590B00 /* Hamster Game */,
				E08F17E61EF1623C00590B00 /* Hamster GameTests */,
				E08F17F11EF1623C00590B00 /* Hamster GameUITests */,
				E08F17CB1EF1623C00590B00 /* Products */,
			);
			sourceTree = "<group>";
		};
		E08F17CB1EF1623C00590B00 /* Products */ = {
			isa = PBXGroup;
			children = (
				E08F17CA1EF1623C00590B00 /* Hamster Game.app */,
				E08F17E31EF1623C00590B00 /* Hamster GameTests.xctest */,
				E08F17EE1EF1623C00590B00 /* Hamster GameUITests.xctest */,
			);
			name = Products;
			sourceTree = "<group>";
		};
		E08F17CC1EF1623C00590B00 /* Hamster Game */ = {
			isa = PBXGroup;
			children = (
				E08F18021EF16E9E00590B00 /* splash.jpg */,
				E08F17D01EF1623C00590B00 /* AppDelegate.h */,
				E08F17D11EF1623C00590B00 /* AppDelegate.m */,
				E08F17D31EF1623C00590B00 /* ViewController.h */,
				E08F17D41EF1623C00590B00 /* ViewController.m */,
				E08F17D61EF1623C00590B00 /* Main.storyboard */,
				E08F17D91EF1623C00590B00 /* Assets.xcassets */,
				E08F17DB1EF1623C00590B00 /* LaunchScreen.storyboard */,
				E08F17DE1EF1623C00590B00 /* Info.plist */,
				E08F17CD1EF1623C00590B00 /* Supporting Files */,
			);
			path = "Hamster Game";
			sourceTree = "<group>";
		};
		E08F17CD1EF1623C00590B00 /* Supporting Files */ = {
			isa = PBXGroup;
			children = (
				E08F17CE1EF1623C00590B00 /* main.m */,
			);
			name = "Supporting Files";
			sourceTree = "<group>";
		};
		E08F17E61EF1623C00590B00 /* Hamster GameTests */ = {
			isa = PBXGroup;
			children = (
				E08F17E71EF1623C00590B00 /* Hamster_GameTests.m */,
				E08F17E91EF1623C00590B00 /* Info.plist */,
			);
			path = "Hamster GameTests";
			sourceTree = "<group>";
		};
		E08F17F11EF1623C00590B00 /* Hamster GameUITests */ = {
			isa = PBXGroup;
			children = (
				E08F17F21EF1623C00590B00 /* Hamster_GameUITests.m */,
				E08F17F41EF1623C00590B00 /* Info.plist */,
			);
			path = "Hamster GameUITests";
			sourceTree = "<group>";
		};
/* End PBXGroup section */

/* Begin PBXNativeTarget section */
		E08F17C91EF1623C00590B00 /* Hamster Game */ = {
			isa = PBXNativeTarget;
			buildConfigurationList = E08F17F71EF1623C00590B00 /* Build configuration list for PBXNativeTarget "Hamster Game" */;
			buildPhases = (
				E08F17C61EF1623C00590B00 /* Sources */,
				E08F17C71EF1623C00590B00 /* Frameworks */,
				E08F17C81EF1623C00590B00 /* Resources */,
			);
			buildRules = (
			);
			dependencies = (
			);
			name = "Hamster Game";
			productName = "Hamster Game";
			productReference = E08F17CA1EF1623C00590B00 /* Hamster Game.app */;
			productType = "com.apple.product-type.application";
		};
		E08F17E21EF1623C00590B00 /* Hamster GameTests */ = {
			isa = PBXNativeTarget;
			buildConfigurationList = E08F17FA1EF1623C00590B00 /* Build configuration list for PBXNativeTarget "Hamster GameTests" */;
			buildPhases = (
				E08F17DF1EF1623C00590B00 /* Sources */,
				E08F17E01EF1623C00590B00 /* Frameworks */,
				E08F17E11EF1623C00590B00 /* Resources */,
			);
			buildRules = (
			);
			dependencies = (
				E08F17E51EF1623C00590B00 /* PBXTargetDependency */,
			);
			name = "Hamster GameTests";
			productName = "Hamster GameTests";
			productReference = E08F17E31EF1623C00590B00 /* Hamster GameTests.xctest */;
			productType = "com.apple.product-type.bundle.unit-test";
		};
		E08F17ED1EF1623C00590B00 /* Hamster GameUITests */ = {
			isa = PBXNativeTarget;
			buildConfigurationList = E08F17FD1EF1623C00590B00 /* Build configuration list for PBXNativeTarget "Hamster GameUITests" */;
			buildPhases = (
				E08F17EA1EF1623C00590B00 /* Sources */,
				E08F17EB1EF1623C00590B00 /* Frameworks */,
				E08F17EC1EF1623C00590B00 /* Resources */,
			);
			buildRules = (
			);
			dependencies = (
				E08F17F01EF1623C00590B00 /* PBXTargetDependency */,
			);
			name = "Hamster GameUITests";
			productName = "Hamster GameUITests";
			productReference = E08F17EE1EF1623C00590B00 /* Hamster GameUITests.xctest */;
			productType = "com.apple.product-type.bundle.ui-testing";
		};
/* End PBXNativeTarget section */

/* Begin PBXProject section */
		E08F17C21EF1623C00590B00 /* Project object */ = {
			isa = PBXProject;
			attributes = {
				LastUpgradeCheck = 0830;
				ORGANIZATIONNAME = HuangZhenFeng;
				TargetAttributes = {
					E08F17C91EF1623C00590B00 = {
						CreatedOnToolsVersion = 8.3.1;
						DevelopmentTeam = PAZX553D3X;
						ProvisioningStyle = Automatic;
					};
					E08F17E21EF1623C00590B00 = {
						CreatedOnToolsVersion = 8.3.1;
						ProvisioningStyle = Automatic;
						TestTargetID = E08F17C91EF1623C00590B00;
					};
					E08F17ED1EF1623C00590B00 = {
						CreatedOnToolsVersion = 8.3.1;
						ProvisioningStyle = Automatic;
						TestTargetID = E08F17C91EF1623C00590B00;
					};
				};
			};
			buildConfigurationList = E08F17C51EF1623C00590B00 /* Build configuration list for PBXProject "Hamster Game" */;
			compatibilityVersion = "Xcode 3.2";
			developmentRegion = English;
			hasScannedForEncodings = 0;
			knownRegions = (
				en,
				Base,
			);
			mainGroup = E08F17C11EF1623C00590B00;
			productRefGroup = E08F17CB1EF1623C00590B00 /* Products */;
			projectDirPath = "";
			projectRoot = "";
			targets = (
				E08F17C91EF1623C00590B00 /* Hamster Game */,
				E08F17E21EF1623C00590B00 /* Hamster GameTests */,
				E08F17ED1EF1623C00590B00 /* Hamster GameUITests */,
			);
		};
/* End PBXProject section */

/* Begin PBXResourcesBuildPhase section */
		E08F17C81EF1623C00590B00 /* Resources */ = {
			isa = PBXResourcesBuildPhase;
			buildActionMask = 2147483647;
			files = (
				E08F18031EF16E9E00590B00 /* splash.jpg in Resources */,
				E08F17DD1EF1623C00590B00 /* LaunchScreen.storyboard in Resources */,
				E08F17DA1EF1623C00590B00 /* Assets.xcassets in Resources */,
				E08F17D81EF1623C00590B00 /* Main.storyboard in Resources */,
			);
			runOnlyForDeploymentPostprocessing = 0;
		};
		E08F17E11EF1623C00590B00 /* Resources */ = {
			isa = PBXResourcesBuildPhase;
			buildActionMask = 2147483647;
			files = (
			);
			runOnlyForDeploymentPostprocessing = 0;
		};
		E08F17EC1EF1623C00590B00 /* Resources */ = {
			isa = PBXResourcesBuildPhase;
			buildActionMask = 2147483647;
			files = (
			);
			runOnlyForDeploymentPostprocessing = 0;
		};
/* End PBXResourcesBuildPhase section */

/* Begin PBXSourcesBuildPhase section */
		E08F17C61EF1623C00590B00 /* Sources */ = {
			isa = PBXSourcesBuildPhase;
			buildActionMask = 2147483647;
			files = (
				E08F17D51EF1623C00590B00 /* ViewController.m in Sources */,
				E08F17D21EF1623C00590B00 /* AppDelegate.m in Sources */,
				E08F17CF1EF1623C00590B00 /* main.m in Sources */,
			);
			runOnlyForDeploymentPostprocessing = 0;
		};
		E08F17DF1EF1623C00590B00 /* Sources */ = {
			isa = PBXSourcesBuildPhase;
			buildActionMask = 2147483647;
			files = (
				E08F17E81EF1623C00590B00 /* Hamster_GameTests.m in Sources */,
			);
			runOnlyForDeploymentPostprocessing = 0;
		};
		E08F17EA1EF1623C00590B00 /* Sources */ = {
			isa = PBXSourcesBuildPhase;
			buildActionMask = 2147483647;
			files = (
				E08F17F31EF1623C00590B00 /* Hamster_GameUITests.m in Sources */,
			);
			runOnlyForDeploymentPostprocessing = 0;
		};
/* End PBXSourcesBuildPhase section */

/* Begin PBXTargetDependency section */
		E08F17E51EF1623C00590B00 /* PBXTargetDependency */ = {
			isa = PBXTargetDependency;
			target = E08F17C91EF1623C00590B00 /* Hamster Game */;
			targetProxy = E08F17E41EF1623C00590B00 /* PBXContainerItemProxy */;
		};
		E08F17F01EF1623C00590B00 /* PBXTargetDependency */ = {
			isa = PBXTargetDependency;
			target = E08F17C91EF1623C00590B00 /* Hamster Game */;
			targetProxy = E08F17EF1EF1623C00590B00 /* PBXContainerItemProxy */;
		};
/* End PBXTargetDependency section */

/* Begin PBXVariantGroup section */
		E08F17D61EF1623C00590B00 /* Main.storyboard */ = {
			isa = PBXVariantGroup;
			children = (
				E08F17D71EF1623C00590B00 /* Base */,
			);
			name = Main.storyboard;
			sourceTree = "<group>";
		};
		E08F17DB1EF1623C00590B00 /* LaunchScreen.storyboard */ = {
			isa = PBXVariantGroup;
			children = (
				E08F17DC1EF1623C00590B00 /* Base */,
			);
			name = LaunchScreen.storyboard;
			sourceTree = "<group>";
		};
/* End PBXVariantGroup section */

/* Begin XCBuildConfiguration section */
		E08F17F51EF1623C00590B00 /* Debug */ = {
			isa = XCBuildConfiguration;
			buildSettings = {
				ALWAYS_SEARCH_USER_PATHS = NO;
				CLANG_ANALYZER_NONNULL = YES;
				CLANG_ANALYZER_NUMBER_OBJECT_CONVERSION = YES_AGGRESSIVE;
				CLANG_CXX_LANGUAGE_STANDARD = "gnu++0x";
				CLANG_CXX_LIBRARY = "libc++";
				CLANG_ENABLE_MODULES = YES;
				CLANG_ENABLE_OBJC_ARC = YES;
				CLANG_WARN_BOOL_CONVERSION = YES;
				CLANG_WARN_CONSTANT_CONVERSION = YES;
				CLANG_WARN_DIRECT_OBJC_ISA_USAGE = YES_ERROR;
				CLANG_WARN_DOCUMENTATION_COMMENTS = YES;
				CLANG_WARN_EMPTY_BODY = YES;
				CLANG_WARN_ENUM_CONVERSION = YES;
				CLANG_WARN_INFINITE_RECURSION = YES;
				CLANG_WARN_INT_CONVERSION = YES;
				CLANG_WARN_OBJC_ROOT_CLASS = YES_ERROR;
				CLANG_WARN_SUSPICIOUS_MOVE = YES;
				CLANG_WARN_UNREACHABLE_CODE = YES;
				CLANG_WARN__DUPLICATE_METHOD_MATCH = YES;
				"CODE_SIGN_IDENTITY[sdk=iphoneos*]" = "iPhone Developer";
				COPY_PHASE_STRIP = NO;
				DEBUG_INFORMATION_FORMAT = dwarf;
				ENABLE_STRICT_OBJC_MSGSEND = YES;
				ENABLE_TESTABILITY = YES;
				GCC_C_LANGUAGE_STANDARD = gnu99;
				GCC_DYNAMIC_NO_PIC = NO;
				GCC_NO_COMMON_BLOCKS = YES;
				GCC_OPTIMIZATION_LEVEL = 0;
				GCC_PREPROCESSOR_DEFINITIONS = (
					"DEBUG=1",
					"$(inherited)",
				);
				GCC_WARN_64_TO_32_BIT_CONVERSION = YES;
				GCC_WARN_ABOUT_RETURN_TYPE = YES_ERROR;
				GCC_WARN_UNDECLARED_SELECTOR = YES;
				GCC_WARN_UNINITIALIZED_AUTOS = YES_AGGRESSIVE;
				GCC_WARN_UNUSED_FUNCTION = YES;
				GCC_WARN_UNUSED_VARIABLE = YES;
				IPHONEOS_DEPLOYMENT_TARGET = 10.3;
				MTL_ENABLE_DEBUG_INFO = YES;
				ONLY_ACTIVE_ARCH = YES;
				SDKROOT = iphoneos;
			};
			name = Debug;
		};
		E08F17F61EF1623C00590B00 /* Release */ = {
			isa = XCBuildConfiguration;
			buildSettings = {
				ALWAYS_SEARCH_USER_PATHS = NO;
				CLANG_ANALYZER_NONNULL = YES;
				CLANG_ANALYZER_NUMBER_OBJECT_CONVERSION = YES_AGGRESSIVE;
				CLANG_CXX_LANGUAGE_STANDARD = "gnu++0x";
				CLANG_CXX_LIBRARY = "libc++";
				CLANG_ENABLE_MODULES = YES;
				CLANG_ENABLE_OBJC_ARC = YES;
				CLANG_WARN_BOOL_CONVERSION = YES;
				CLANG_WARN_CONSTANT_CONVERSION = YES;
				CLANG_WARN_DIRECT_OBJC_ISA_USAGE = YES_ERROR;
				CLANG_WARN_DOCUMENTATION_COMMENTS = YES;
				CLANG_WARN_EMPTY_BODY = YES;
				CLANG_WARN_ENUM_CONVERSION = YES;
				CLANG_WARN_INFINITE_RECURSION = YES;
				CLANG_WARN_INT_CONVERSION = YES;
				CLANG_WARN_OBJC_ROOT_CLASS = YES_ERROR;
				CLANG_WARN_SUSPICIOUS_MOVE = YES;
				CLANG_WARN_UNREACHABLE_CODE = YES;
				CLANG_WARN__DUPLICATE_METHOD_MATCH = YES;
				"CODE_SIGN_IDENTITY[sdk=iphoneos*]" = "iPhone Developer";
				COPY_PHASE_STRIP = NO;
				DEBUG_INFORMATION_FORMAT = "dwarf-with-dsym";
				ENABLE_NS_ASSERTIONS = NO;
				ENABLE_STRICT_OBJC_MSGSEND = YES;
				GCC_C_LANGUAGE_STANDARD = gnu99;
				GCC_NO_COMMON_BLOCKS = YES;
				GCC_WARN_64_TO_32_BIT_CONVERSION = YES;
				GCC_WARN_ABOUT_RETURN_TYPE = YES_ERROR;
				GCC_WARN_UNDECLARED_SELECTOR = YES;
				GCC_WARN_UNINITIALIZED_AUTOS = YES_AGGRESSIVE;
				GCC_WARN_UNUSED_FUNCTION = YES;
				GCC_WARN_UNUSED_VARIABLE = YES;
				IPHONEOS_DEPLOYMENT_TARGET = 10.3;
				MTL_ENABLE_DEBUG_INFO = NO;
				SDKROOT = iphoneos;
				VALIDATE_PRODUCT = YES;
			};
			name = Release;
		};
		E08F17F81EF1623C00590B00 /* Debug */ = {
			isa = XCBuildConfiguration;
			buildSettings = {
				ASSETCATALOG_COMPILER_APPICON_NAME = AppIcon;
				DEVELOPMENT_TEAM = PAZX553D3X;
				INFOPLIST_FILE = "Hamster Game/Info.plist";
				IPHONEOS_DEPLOYMENT_TARGET = 10.0;
				LD_RUNPATH_SEARCH_PATHS = "$(inherited) @executable_path/Frameworks";
				PRODUCT_BUNDLE_IDENTIFIER = com.greenleaf.Hamster;
				PRODUCT_NAME = "复古打地鼠";
				TARGETED_DEVICE_FAMILY = 1;
			};
			name = Debug;
		};
		E08F17F91EF1623C00590B00 /* Release */ = {
			isa = XCBuildConfiguration;
			buildSettings = {
				ASSETCATALOG_COMPILER_APPICON_NAME = AppIcon;
				DEVELOPMENT_TEAM = PAZX553D3X;
				INFOPLIST_FILE = "Hamster Game/Info.plist";
				IPHONEOS_DEPLOYMENT_TARGET = 10.0;
				LD_RUNPATH_SEARCH_PATHS = "$(inherited) @executable_path/Frameworks";
				PRODUCT_BUNDLE_IDENTIFIER = com.greenleaf.Hamster;
				PRODUCT_NAME = "复古打地鼠";
				TARGETED_DEVICE_FAMILY = 1;
			};
			name = Release;
		};
		E08F17FB1EF1623C00590B00 /* Debug */ = {
			isa = XCBuildConfiguration;
			buildSettings = {
				BUNDLE_LOADER = "$(TEST_HOST)";
				INFOPLIST_FILE = "Hamster GameTests/Info.plist";
				LD_RUNPATH_SEARCH_PATHS = "$(inherited) @executable_path/Frameworks @loader_path/Frameworks";
				PRODUCT_BUNDLE_IDENTIFIER = "HZhenF.Hamster-GameTests";
				PRODUCT_NAME = "$(TARGET_NAME)";
				TEST_HOST = "$(BUILT_PRODUCTS_DIR)/Hamster Game.app/Hamster Game";
			};
			name = Debug;
		};
		E08F17FC1EF1623C00590B00 /* Release */ = {
			isa = XCBuildConfiguration;
			buildSettings = {
				BUNDLE_LOADER = "$(TEST_HOST)";
				INFOPLIST_FILE = "Hamster GameTests/Info.plist";
				LD_RUNPATH_SEARCH_PATHS = "$(inherited) @executable_path/Frameworks @loader_path/Frameworks";
				PRODUCT_BUNDLE_IDENTIFIER = "HZhenF.Hamster-GameTests";
				PRODUCT_NAME = "$(TARGET_NAME)";
				TEST_HOST = "$(BUILT_PRODUCTS_DIR)/Hamster Game.app/Hamster Game";
			};
			name = Release;
		};
		E08F17FE1EF1623C00590B00 /* Debug */ = {
			isa = XCBuildConfiguration;
			buildSettings = {
				INFOPLIST_FILE = "Hamster GameUITests/Info.plist";
				LD_RUNPATH_SEARCH_PATHS = "$(inherited) @executable_path/Frameworks @loader_path/Frameworks";
				PRODUCT_BUNDLE_IDENTIFIER = "HZhenF.Hamster-GameUITests";
				PRODUCT_NAME = "$(TARGET_NAME)";
				TEST_TARGET_NAME = "Hamster Game";
			};
			name = Debug;
		};
		E08F17FF1EF1623C00590B00 /* Release */ = {
			isa = XCBuildConfiguration;
			buildSettings = {
				INFOPLIST_FILE = "Hamster GameUITests/Info.plist";
				LD_RUNPATH_SEARCH_PATHS = "$(inherited) @executable_path/Frameworks @loader_path/Frameworks";
				PRODUCT_BUNDLE_IDENTIFIER = "HZhenF.Hamster-GameUITests";
				PRODUCT_NAME = "$(TARGET_NAME)";
				TEST_TARGET_NAME = "Hamster Game";
			};
			name = Release;
		};
/* End XCBuildConfiguration section */

/* Begin XCConfigurationList section */
		E08F17C51EF1623C00590B00 /* Build configuration list for PBXProject "Hamster Game" */ = {
			isa = XCConfigurationList;
			buildConfigurations = (
				E08F17F51EF1623C00590B00 /* Debug */,
				E08F17F61EF1623C00590B00 /* Release */,
			);
			defaultConfigurationIsVisible = 0;
			defaultConfigurationName = Release;
		};
		E08F17F71EF1623C00590B00 /* Build configuration list for PBXNativeTarget "Hamster Game" */ = {
			isa = XCConfigurationList;
			buildConfigurations = (
				E08F17F81EF1623C00590B00 /* Debug */,
				E08F17F91EF1623C00590B00 /* Release */,
			);
			defaultConfigurationIsVisible = 0;
			defaultConfigurationName = Release;
		};
		E08F17FA1EF1623C00590B00 /* Build configuration list for PBXNativeTarget "Hamster GameTests" */ = {
			isa = XCConfigurationList;
			buildConfigurations = (
				E08F17FB1EF1623C00590B00 /* Debug */,
				E08F17FC1EF1623C00590B00 /* Release */,
			);
			defaultConfigurationIsVisible = 0;
			defaultConfigurationName = Release;
		};
		E08F17FD1EF1623C00590B00 /* Build configuration list for PBXNativeTarget "Hamster GameUITests" */ = {
			isa = XCConfigurationList;
			buildConfigurations = (
				E08F17FE1EF1623C00590B00 /* Debug */,
				E08F17FF1EF1623C00590B00 /* Release */,
			);
			defaultConfigurationIsVisible = 0;
			defaultConfigurationName = Release;
		};
/* End XCConfigurationList section */
	};
	rootObject = E08F17C21EF1623C00590B00 /* Project object */;
}
